
Microsoft Visual Studio Solution File, Format Version 12.00
# Visual Studio Version 17
VisualStudioVersion = 17.4.33213.308
MinimumVisualStudioVersion = 10.0.40219.1
Project("{FAE04EC0-301F-11D3-BF4B-00C04F79EFBC}") = "WindowsFormsApp1", "WindowsFormsApp1.csproj", "{AA432548-A98C-4401-9263-E4CA7B472BB3}"
EndProject
Global
	GlobalSection(SolutionConfigurationPlatforms) = preSolution
		Debug|Any CPU = Debug|Any CPU
		Release|Any CPU = Release|Any CPU
	EndGlobalSection
	GlobalSection(ProjectConfigurationPlatforms) = postSolution
		{AA432548-A98C-4401-9263-E4CA7B472BB3}.Debug|Any CPU.ActiveCfg = Debug|Any CPU
		{AA432548-A98C-4401-9263-E4CA7B472BB3}.Debug|Any CPU.Build.0 = Debug|Any CPU
		{AA432548-A98C-4401-9263-E4CA7B472BB3}.Release|Any CPU.ActiveCfg = Release|Any CPU
		{AA432548-A98C-4401-9263-E4CA7B472BB3}.Release|Any CPU.Build.0 = Release|Any CPU
	EndGlobalSection
	GlobalSection(SolutionProperties) = preSolution
		HideSolutionNode = FALSE
	EndGlobalSection
	GlobalSection(ExtensibilityGlobals) = postSolution
		SolutionGuid = {8461020B-7C11-479F-B87A-977A928A6918}
	EndGlobalSection
EndGlobal
